
Microsoft Visual Studio Solution File, Format Version 9.00
# Visual Studio 2005
Project("{FAE04EC0-301F-11D3-BF4B-00C04F79EFBC}") = "ContinuousIntegrator", "ContinuousIntegrator\ContinuousIntegrator.csproj", "{CAE5D3A2-3E56-41C5-83C0-66E4CAC444E3}"
EndProject
Global
	GlobalSection(TeamFoundationVersionControl) = preSolution
		SccNumberOfProjects = 2
		SccEnterpriseProvider = {4CA58AB2-18FA-4F8D-95D4-32DDF27D184C}
		SccTeamFoundationServer = https://tfs06.codeplex.com/
		SccLocalPath0 = .
		SccProjectUniqueName1 = ContinuousIntegrator\\ContinuousIntegrator.csproj
		SccProjectName1 = ContinuousIntegrator
		SccLocalPath1 = ContinuousIntegrator
	EndGlobalSection
	GlobalSection(SolutionConfigurationPlatforms) = preSolution
		Debug|Any CPU = Debug|Any CPU
		Release|Any CPU = Release|Any CPU
	EndGlobalSection
	GlobalSection(ProjectConfigurationPlatforms) = postSolution
		{CAE5D3A2-3E56-41C5-83C0-66E4CAC444E3}.Debug|Any CPU.ActiveCfg = Debug|Any CPU
		{CAE5D3A2-3E56-41C5-83C0-66E4CAC444E3}.Release|Any CPU.ActiveCfg = Release|Any CPU
		{CAE5D3A2-3E56-41C5-83C0-66E4CAC444E3}.Release|Any CPU.Build.0 = Release|Any CPU
	EndGlobalSection
	GlobalSection(SolutionProperties) = preSolution
		HideSolutionNode = FALSE
	EndGlobalSection
EndGlobal
